// !$*UTF8*$!
{
	archiveVersion = 1;
	classes = {
	};
	objectVersion = 50;
	objects = {

/* Begin PBXBuildFile section */
		9198720E2260BA2C005E4096 /* AppDelegate.m in Sources */ = {isa = PBXBuildFile; fileRef = 9198720D2260BA2C005E4096 /* AppDelegate.m */; };
		919872112260BA2C005E4096 /* ViewController.m in Sources */ = {isa = PBXBuildFile; fileRef = 919872102260BA2C005E4096 /* ViewController.m */; };
		919872142260BA2C005E4096 /* Main.storyboard in Resources */ = {isa = PBXBuildFile; fileRef = 919872122260BA2C005E4096 /* Main.storyboard */; };
		919872162260BA2D005E4096 /* Assets.xcassets in Resources */ = {isa = PBXBuildFile; fileRef = 919872152260BA2D005E4096 /* Assets.xcassets */; };
		919872192260BA2D005E4096 /* LaunchScreen.storyboard in Resources */ = {isa = PBXBuildFile; fileRef = 919872172260BA2D005E4096 /* LaunchScreen.storyboard */; };
		9198721C2260BA2D005E4096 /* main.m in Sources */ = {isa = PBXBuildFile; fileRef = 9198721B2260BA2D005E4096 /* main.m */; };
		919872232260C455005E4096 /* Test.framework in Frameworks */ = {isa = PBXBuildFile; fileRef = 919872222260C455005E4096 /* Test.framework */; };
/* End PBXBuildFile section */

/* Begin PBXFileReference section */
		919872092260BA2C005E4096 /* testProj.app */ = {isa = PBXFileReference; explicitFileType = wrapper.application; includeInIndex = 0; path = testProj.app; sourceTree = BUILT_PRODUCTS_DIR; };
		9198720C2260BA2C005E4096 /* AppDelegate.h */ = {isa = PBXFileReference; lastKnownFileType = sourcecode.c.h; path = AppDelegate.h; sourceTree = "<group>"; };
		9198720D2260BA2C005E4096 /* AppDelegate.m */ = {isa = PBXFileReference; lastKnownFileType = sourcecode.c.objc; path = AppDelegate.m; sourceTree = "<group>"; };
		9198720F2260BA2C005E4096 /* ViewController.h */ = {isa = PBXFileReference; lastKnownFileType = sourcecode.c.h; path = ViewController.h; sourceTree = "<group>"; };
		919872102260BA2C005E4096 /* ViewController.m */ = {isa = PBXFileReference; lastKnownFileType = sourcecode.c.objc; path = ViewController.m; sourceTree = "<group>"; };
		919872132260BA2C005E4096 /* Base */ = {isa = PBXFileReference; lastKnownFileType = file.storyboard; name = Base; path = Base.lproj/Main.storyboard; sourceTree = "<group>"; };
		919872152260BA2D005E4096 /* Assets.xcassets */ = {isa = PBXFileReference; lastKnownFileType = folder.assetcatalog; path = Assets.xcassets; sourceTree = "<group>"; };
		919872182260BA2D005E4096 /* Base */ = {isa = PBXFileReference; lastKnownFileType = file.storyboard; name = Base; path = Base.lproj/LaunchScreen.storyboard; sourceTree = "<group>"; };
		9198721A2260BA2D005E4096 /* Info.plist */ = {isa = PBXFileReference; lastKnownFileType = text.plist.xml; path = Info.plist; sourceTree = "<group>"; };
		9198721B2260BA2D005E4096 /* main.m */ = {isa = PBXFileReference; lastKnownFileType = sourcecode.c.objc; path = main.m; sourceTree = "<group>"; };
		919872222260C455005E4096 /* Test.framework */ = {isa = PBXFileReference; lastKnownFileType = wrapper.framework; path = Test.framework; sourceTree = "<group>"; };
/* End PBXFileReference section */

/* Begin PBXFrameworksBuildPhase section */
		919872062260BA2C005E4096 /* Frameworks */ = {
			isa = PBXFrameworksBuildPhase;
			buildActionMask = 2147483647;
			files = (
				919872232260C455005E4096 /* Test.framework in Frameworks */,
			);
			runOnlyForDeploymentPostprocessing = 0;
		};
/* End PBXFrameworksBuildPhase section */

/* Begin PBXGroup section */
		919872002260BA2C005E4096 = {
			isa = PBXGroup;
			children = (
				9198720B2260BA2C005E4096 /* testProj */,
				9198720A2260BA2C005E4096 /* Products */,
			);
			sourceTree = "<group>";
		};
		9198720A2260BA2C005E4096 /* Products */ = {
			isa = PBXGroup;
			children = (
				919872092260BA2C005E4096 /* testProj.app */,
			);
			name = Products;
			sourceTree = "<group>";
		};
		9198720B2260BA2C005E4096 /* testProj */ = {
			isa = PBXGroup;
			children = (
				919872222260C455005E4096 /* Test.framework */,
				9198720C2260BA2C005E4096 /* AppDelegate.h */,
				9198720D2260BA2C005E4096 /* AppDelegate.m */,
				9198720F2260BA2C005E4096 /* ViewController.h */,
				919872102260BA2C005E4096 /* ViewController.m */,
				919872122260BA2C005E4096 /* Main.storyboard */,
				919872152260BA2D005E4096 /* Assets.xcassets */,
				919872172260BA2D005E4096 /* LaunchScreen.storyboard */,
				9198721A2260BA2D005E4096 /* Info.plist */,
				9198721B2260BA2D005E4096 /* main.m */,
			);
			path = testProj;
			sourceTree = "<group>";
		};
/* End PBXGroup section */

/* Begin PBXNativeTarget section */
		919872082260BA2C005E4096 /* testProj */ = {
			isa = PBXNativeTarget;
			buildConfigurationList = 9198721F2260BA2D005E4096 /* Build configuration list for PBXNativeTarget "testProj" */;
			buildPhases = (
				919872052260BA2C005E4096 /* Sources */,
				919872062260BA2C005E4096 /* Frameworks */,
				919872072260BA2C005E4096 /* Resources */,
			);
			buildRules = (
			);
			dependencies = (
			);
			name = testProj;
			productName = testProj;
			productReference = 919872092260BA2C005E4096 /* testProj.app */;
			productType = "com.apple.product-type.application";
		};
/* End PBXNativeTarget section */

/* Begin PBXProject section */
		919872012260BA2C005E4096 /* Project object */ = {
			isa = PBXProject;
			attributes = {
				LastUpgradeCheck = 1000;
				ORGANIZATIONNAME = annidy;
				TargetAttributes = {
					919872082260BA2C005E4096 = {
						CreatedOnToolsVersion = 10.0;
					};
				};
			};
			buildConfigurationList = 919872042260BA2C005E4096 /* Build configuration list for PBXProject "testProj" */;
			compatibilityVersion = "Xcode 9.3";
			developmentRegion = en;
			hasScannedForEncodings = 0;
			knownRegions = (
				en,
				Base,
			);
			mainGroup = 919872002260BA2C005E4096;
			productRefGroup = 9198720A2260BA2C005E4096 /* Products */;
			projectDirPath = "";
			projectRoot = "";
			targets = (
				919872082260BA2C005E4096 /* testProj */,
			);
		};
/* End PBXProject section */

/* Begin PBXResourcesBuildPhase section */
		919872072260BA2C005E4096 /* Resources */ = {
			isa = PBXResourcesBuildPhase;
			buildActionMask = 2147483647;
			files = (
				919872192260BA2D005E4096 /* LaunchScreen.storyboard in Resources */,
				919872162260BA2D005E4096 /* Assets.xcassets in Resources */,
				919872142260BA2C005E4096 /* Main.storyboard in Resources */,
			);
			runOnlyForDeploymentPostprocessing = 0;
		};
/* End PBXResourcesBuildPhase section */

/* Begin PBXSourcesBuildPhase section */
		919872052260BA2C005E4096 /* Sources */ = {
			isa = PBXSourcesBuildPhase;
			buildActionMask = 2147483647;
			files = (
				919872112260BA2C005E4096 /* ViewController.m in Sources */,
				9198721C2260BA2D005E4096 /* main.m in Sources */,
				9198720E2260BA2C005E4096 /* AppDelegate.m in Sources */,
			);
			runOnlyForDeploymentPostprocessing = 0;
		};
/* End PBXSourcesBuildPhase section */

/* Begin PBXVariantGroup section */
		919872122260BA2C005E4096 /* Main.storyboard */ = {
			isa = PBXVariantGroup;
			children = (
				919872132260BA2C005E4096 /* Base */,
			);
			name = Main.storyboard;
			sourceTree = "<group>";
		};
		919872172260BA2D005E4096 /* LaunchScreen.storyboard */ = {
			isa = PBXVariantGroup;
			children = (
				919872182260BA2D005E4096 /* Base */,
			);
			name = LaunchScreen.storyboard;
			sourceTree = "<group>";
		};
/* End PBXVariantGroup section */

/* Begin XCBuildConfiguration section */
		9198721D2260BA2D005E4096 /* Debug */ = {
			isa = XCBuildConfiguration;
			buildSettings = {
				ALWAYS_SEARCH_USER_PATHS = NO;
				CLANG_ANALYZER_NONNULL = YES;
				CLANG_ANALYZER_NUMBER_OBJECT_CONVERSION = YES_AGGRESSIVE;
				CLANG_CXX_LANGUAGE_STANDARD = "gnu++14";
				CLANG_CXX_LIBRARY = "libc++";
				CLANG_ENABLE_MODULES = YES;
				CLANG_ENABLE_OBJC_ARC = YES;
				CLANG_ENABLE_OBJC_WEAK = YES;
				CLANG_WARN_BLOCK_CAPTURE_AUTORELEASING = YES;
				CLANG_WARN_BOOL_CONVERSION = YES;
				CLANG_WARN_COMMA = YES;
				CLANG_WARN_CONSTANT_CONVERSION = YES;
				CLANG_WARN_DEPRECATED_OBJC_IMPLEMENTATIONS = YES;
				CLANG_WARN_DIRECT_OBJC_ISA_USAGE = YES_ERROR;
				CLANG_WARN_DOCUMENTATION_COMMENTS = YES;
				CLANG_WARN_EMPTY_BODY = YES;
				CLANG_WARN_ENUM_CONVERSION = YES;
				CLANG_WARN_INFINITE_RECURSION = YES;
				CLANG_WARN_INT_CONVERSION = YES;
				CLANG_WARN_NON_LITERAL_NULL_CONVERSION = YES;
				CLANG_WARN_OBJC_IMPLICIT_RETAIN_SELF = YES;
				CLANG_WARN_OBJC_LITERAL_CONVERSION = YES;
				CLANG_WARN_OBJC_ROOT_CLASS = YES_ERROR;
				CLANG_WARN_RANGE_LOOP_ANALYSIS = YES;
				CLANG_WARN_STRICT_PROTOTYPES = YES;
				CLANG_WARN_SUSPICIOUS_MOVE = YES;
				CLANG_WARN_UNGUARDED_AVAILABILITY = YES_AGGRESSIVE;
				CLANG_WARN_UNREACHABLE_CODE = YES;
				CLANG_WARN__DUPLICATE_METHOD_MATCH = YES;
				CODE_SIGN_IDENTITY = "iPhone Developer";
				COPY_PHASE_STRIP = NO;
				DEBUG_INFORMATION_FORMAT = dwarf;
				ENABLE_STRICT_OBJC_MSGSEND = YES;
				ENABLE_TESTABILITY = YES;
				GCC_C_LANGUAGE_STANDARD = gnu11;
				GCC_DYNAMIC_NO_PIC = NO;
				GCC_NO_COMMON_BLOCKS = YES;
				GCC_OPTIMIZATION_LEVEL = 0;
				GCC_PREPROCESSOR_DEFINITIONS = (
					"DEBUG=1",
					"$(inherited)",
				);
				GCC_WARN_64_TO_32_BIT_CONVERSION = YES;
				GCC_WARN_ABOUT_RETURN_TYPE = YES_ERROR;
				GCC_WARN_UNDECLARED_SELECTOR = YES;
				GCC_WARN_UNINITIALIZED_AUTOS = YES_AGGRESSIVE;
				GCC_WARN_UNUSED_FUNCTION = YES;
				GCC_WARN_UNUSED_VARIABLE = YES;
				IPHONEOS_DEPLOYMENT_TARGET = 12.0;
				MTL_ENABLE_DEBUG_INFO = INCLUDE_SOURCE;
				MTL_FAST_MATH = YES;
				ONLY_ACTIVE_ARCH = YES;
				SDKROOT = iphoneos;
			};
			name = Debug;
		};
		9198721E2260BA2D005E4096 /* Release */ = {
			isa = XCBuildConfiguration;
			buildSettings = {
				ALWAYS_SEARCH_USER_PATHS = NO;
				CLANG_ANALYZER_NONNULL = YES;
				CLANG_ANALYZER_NUMBER_OBJECT_CONVERSION = YES_AGGRESSIVE;
				CLANG_CXX_LANGUAGE_STANDARD = "gnu++14";
				CLANG_CXX_LIBRARY = "libc++";
				CLANG_ENABLE_MODULES = YES;
				CLANG_ENABLE_OBJC_ARC = YES;
				CLANG_ENABLE_OBJC_WEAK = YES;
				CLANG_WARN_BLOCK_CAPTURE_AUTORELEASING = YES;
				CLANG_WARN_BOOL_CONVERSION = YES;
				CLANG_WARN_COMMA = YES;
				CLANG_WARN_CONSTANT_CONVERSION = YES;
				CLANG_WARN_DEPRECATED_OBJC_IMPLEMENTATIONS = YES;
				CLANG_WARN_DIRECT_OBJC_ISA_USAGE = YES_ERROR;
				CLANG_WARN_DOCUMENTATION_COMMENTS = YES;
				CLANG_WARN_EMPTY_BODY = YES;
				CLANG_WARN_ENUM_CONVERSION = YES;
				CLANG_WARN_INFINITE_RECURSION = YES;
				CLANG_WARN_INT_CONVERSION = YES;
				CLANG_WARN_NON_LITERAL_NULL_CONVERSION = YES;
				CLANG_WARN_OBJC_IMPLICIT_RETAIN_SELF = YES;
				CLANG_WARN_OBJC_LITERAL_CONVERSION = YES;
				CLANG_WARN_OBJC_ROOT_CLASS = YES_ERROR;
				CLANG_WARN_RANGE_LOOP_ANALYSIS = YES;
				CLANG_WARN_STRICT_PROTOTYPES = YES;
				CLANG_WARN_SUSPICIOUS_MOVE = YES;
				CLANG_WARN_UNGUARDED_AVAILABILITY = YES_AGGRESSIVE;
				CLANG_WARN_UNREACHABLE_CODE = YES;
				CLANG_WARN__DUPLICATE_METHOD_MATCH = YES;
				CODE_SIGN_IDENTITY = "iPhone Developer";
				COPY_PHASE_STRIP = NO;
				DEBUG_INFORMATION_FORMAT = "dwarf-with-dsym";
				ENABLE_NS_ASSERTIONS = NO;
				ENABLE_STRICT_OBJC_MSGSEND = YES;
				GCC_C_LANGUAGE_STANDARD = gnu11;
				GCC_NO_COMMON_BLOCKS = YES;
				GCC_WARN_64_TO_32_BIT_CONVERSION = YES;
				GCC_WARN_ABOUT_RETURN_TYPE = YES_ERROR;
				GCC_WARN_UNDECLARED_SELECTOR = YES;
				GCC_WARN_UNINITIALIZED_AUTOS = YES_AGGRESSIVE;
				GCC_WARN_UNUSED_FUNCTION = YES;
				GCC_WARN_UNUSED_VARIABLE = YES;
				IPHONEOS_DEPLOYMENT_TARGET = 12.0;
				MTL_ENABLE_DEBUG_INFO = NO;
				MTL_FAST_MATH = YES;
				SDKROOT = iphoneos;
				VALIDATE_PRODUCT = YES;
			};
			name = Release;
		};
		919872202260BA2D005E4096 /* Debug */ = {
			isa = XCBuildConfiguration;
			buildSettings = {
				ASSETCATALOG_COMPILER_APPICON_NAME = AppIcon;
				CODE_SIGN_STYLE = Automatic;
				DEVELOPMENT_TEAM = QE8PS7F45A;
				FRAMEWORK_SEARCH_PATHS = (
					"$(inherited)",
					"$(PROJECT_DIR)/testProj",
				);
				INFOPLIST_FILE = testProj/Info.plist;
				IPHONEOS_DEPLOYMENT_TARGET = 9.0;
				LD_RUNPATH_SEARCH_PATHS = (
					"$(inherited)",
					"@executable_path/Frameworks",
				);
				PRODUCT_BUNDLE_IDENTIFIER = com.tencent.fx.testProj;
				PRODUCT_NAME = "$(TARGET_NAME)";
				TARGETED_DEVICE_FAMILY = "1,2";
			};
			name = Debug;
		};
		919872212260BA2D005E4096 /* Release */ = {
			isa = XCBuildConfiguration;
			buildSettings = {
				ASSETCATALOG_COMPILER_APPICON_NAME = AppIcon;
				CODE_SIGN_STYLE = Automatic;
				DEVELOPMENT_TEAM = QE8PS7F45A;
				FRAMEWORK_SEARCH_PATHS = (
					"$(inherited)",
					"$(PROJECT_DIR)/testProj",
				);
				INFOPLIST_FILE = testProj/Info.plist;
				IPHONEOS_DEPLOYMENT_TARGET = 9.0;
				LD_RUNPATH_SEARCH_PATHS = (
					"$(inherited)",
					"@executable_path/Frameworks",
				);
				PRODUCT_BUNDLE_IDENTIFIER = com.tencent.fx.testProj;
				PRODUCT_NAME = "$(TARGET_NAME)";
				TARGETED_DEVICE_FAMILY = "1,2";
			};
			name = Release;
		};
/* End XCBuildConfiguration section */

/* Begin XCConfigurationList section */
		919872042260BA2C005E4096 /* Build configuration list for PBXProject "testProj" */ = {
			isa = XCConfigurationList;
			buildConfigurations = (
				9198721D2260BA2D005E4096 /* Debug */,
				9198721E2260BA2D005E4096 /* Release */,
			);
			defaultConfigurationIsVisible = 0;
			defaultConfigurationName = Release;
		};
		9198721F2260BA2D005E4096 /* Build configuration list for PBXNativeTarget "testProj" */ = {
			isa = XCConfigurationList;
			buildConfigurations = (
				919872202260BA2D005E4096 /* Debug */,
				919872212260BA2D005E4096 /* Release */,
			);
			defaultConfigurationIsVisible = 0;
			defaultConfigurationName = Release;
		};
/* End XCConfigurationList section */
	};
	rootObject = 919872012260BA2C005E4096 /* Project object */;
}
